
Microsoft Visual Studio Solution File, Format Version 12.00
# Visual Studio Version 17
VisualStudioVersion = 17.5.33502.453
MinimumVisualStudioVersion = 10.0.40219.1
Project("{9A19103F-16F7-4668-BE54-9A1E7A4F7556}") = "NunitTest", "NunitTest\NunitTest.csproj", "{484CAF00-7460-4DD7-8C5F-2C98AC333717}"
EndProject
Project("{9A19103F-16F7-4668-BE54-9A1E7A4F7556}") = "Core", "Core\Core.csproj", "{C053ED84-B9DC-416D-A428-9A0CE42175F4}"
EndProject
Project("{FAE04EC0-301F-11D3-BF4B-00C04F79EFBC}") = "BussinesObjects", "BussinesObjects\BussinesObjects.csproj", "{0A845F92-AC87-4472-9E7B-9BD4E0CF02FF}"
EndProject
Global
	GlobalSection(SolutionConfigurationPlatforms) = preSolution
		Debug|Any CPU = Debug|Any CPU
		FIreFox|Any CPU = FIreFox|Any CPU
		Release|Any CPU = Release|Any CPU
	EndGlobalSection
	GlobalSection(ProjectConfigurationPlatforms) = postSolution
		{484CAF00-7460-4DD7-8C5F-2C98AC333717}.Debug|Any CPU.ActiveCfg = Debug|Any CPU
		{484CAF00-7460-4DD7-8C5F-2C98AC333717}.Debug|Any CPU.Build.0 = Debug|Any CPU
		{484CAF00-7460-4DD7-8C5F-2C98AC333717}.FIreFox|Any CPU.ActiveCfg = Debug|Any CPU
		{484CAF00-7460-4DD7-8C5F-2C98AC333717}.FIreFox|Any CPU.Build.0 = Debug|Any CPU
		{484CAF00-7460-4DD7-8C5F-2C98AC333717}.Release|Any CPU.ActiveCfg = Release|Any CPU
		{484CAF00-7460-4DD7-8C5F-2C98AC333717}.Release|Any CPU.Build.0 = Release|Any CPU
		{C053ED84-B9DC-416D-A428-9A0CE42175F4}.Debug|Any CPU.ActiveCfg = Debug|Any CPU
		{C053ED84-B9DC-416D-A428-9A0CE42175F4}.Debug|Any CPU.Build.0 = Debug|Any CPU
		{C053ED84-B9DC-416D-A428-9A0CE42175F4}.FIreFox|Any CPU.ActiveCfg = Debug|Any CPU
		{C053ED84-B9DC-416D-A428-9A0CE42175F4}.FIreFox|Any CPU.Build.0 = Debug|Any CPU
		{C053ED84-B9DC-416D-A428-9A0CE42175F4}.Release|Any CPU.ActiveCfg = Release|Any CPU
		{C053ED84-B9DC-416D-A428-9A0CE42175F4}.Release|Any CPU.Build.0 = Release|Any CPU
		{0A845F92-AC87-4472-9E7B-9BD4E0CF02FF}.Debug|Any CPU.ActiveCfg = Debug|Any CPU
		{0A845F92-AC87-4472-9E7B-9BD4E0CF02FF}.Debug|Any CPU.Build.0 = Debug|Any CPU
		{0A845F92-AC87-4472-9E7B-9BD4E0CF02FF}.FIreFox|Any CPU.ActiveCfg = Debug|Any CPU
		{0A845F92-AC87-4472-9E7B-9BD4E0CF02FF}.FIreFox|Any CPU.Build.0 = Debug|Any CPU
		{0A845F92-AC87-4472-9E7B-9BD4E0CF02FF}.Release|Any CPU.ActiveCfg = Release|Any CPU
		{0A845F92-AC87-4472-9E7B-9BD4E0CF02FF}.Release|Any CPU.Build.0 = Release|Any CPU
	EndGlobalSection
	GlobalSection(SolutionProperties) = preSolution
		HideSolutionNode = FALSE
	EndGlobalSection
	GlobalSection(ExtensibilityGlobals) = postSolution
		SolutionGuid = {C5531563-EF6C-4211-860B-607C14474D8C}
	EndGlobalSection
EndGlobal
